<?xml version="1.0" encoding="utf-8"?>
<Project ToolsVersion="4.0" xmlns="http://schemas.microsoft.com/developer/msbuild/2003">
  <ItemGroup>
    <Filter Include="源文件">
      <UniqueIdentifier>{4FC737F1-C7A5-4376-A066-2A32D752A2FF}</UniqueIdentifier>
      <Extensions>cpp;c;cc;cxx;def;odl;idl;hpj;bat;asm;asmx</Extensions>
    </Filter>
    <Filter Include="头文件">
      <UniqueIdentifier>{93995380-89BD-4b04-88EB-625FBE52EBFB}</UniqueIdentifier>
      <Extensions>h;hpp;hxx;hm;inl;inc;xsd</Extensions>
    </Filter>
    <Filter Include="资源文件">
      <UniqueIdentifier>{67DA6AB6-F800-4c08-8B7A-83BB121AAD01}</UniqueIdentifier>
      <Extensions>rc;ico;cur;bmp;dlg;rc2;rct;bin;rgs;gif;jpg;jpeg;jpe;resx;tiff;tif;png;wav;mfcribbon-ms</Extensions>
    </Filter>
    <Filter Include="Ex">
      <UniqueIdentifier>{af8389bc-1865-46aa-993f-03df9fe8bc22}</UniqueIdentifier>
    </Filter>
  </ItemGroup>
  <ItemGroup>
    <Text Include="ReadMe.txt" />
  </ItemGroup>
  <ItemGroup>
    <ClInclude Include="stdafx.h">
      <Filter>头文件</Filter>
    </ClInclude>
    <ClInclude Include="targetver.h">
      <Filter>头文件</Filter>
    </ClInclude>
    <ClInclude Include="ULib_OpenGLCanvas.hpp">
      <Filter>头文件</Filter>
    </ClInclude>
    <ClInclude Include="IExOpenGLCavas.h">
      <Filter>Ex</Filter>
    </ClInclude>
    <ClInclude Include="DrawingLogic_EddyParticle.hpp">
      <Filter>头文件</Filter>
    </ClInclude>
    <ClInclude Include="IExDrawLogic.h">
      <Filter>Ex</Filter>
    </ClInclude>
  </ItemGroup>
  <ItemGroup>
    <ClCompile Include="stdafx.cpp">
      <Filter>源文件</Filter>
    </ClCompile>
    <ClCompile Include="dllmain.cpp">
      <Filter>源文件</Filter>
    </ClCompile>
    <ClCompile Include="ULib_OpenGLCanvas.cpp">
      <Filter>源文件</Filter>
    </ClCompile>
    <ClCompile Include="IExUnity.hpp">
      <Filter>Ex</Filter>
    </ClCompile>
  </ItemGroup>
  <ItemGroup>
    <None Include="ex.def">
      <Filter>源文件</Filter>
    </None>
  </ItemGroup>
</Project>